---
http_interactions:
- request:
    method: get
    uri: https://rubygems.org/api/v2/rubygems/net-hippie/versions/0.2.7.json
    headers:
      Host:
      - rubygems.org
  response:
    status:
      code: 200
      message: OK
    headers:
    body:
      encoding: ASCII-8BIT
      string: !binary |-
        eyJuYW1lIjoibmV0LWhpcHBpZSIsImRvd25sb2FkcyI6MjQ0MjgsInZlcnNpb24iOiIwLjIuNyIsInZlcnNpb25fZG93bmxvYWRzIjoxMTYyLCJwbGF0Zm9ybSI6InJ1YnkiLCJhdXRob3JzIjoibW8iLCJpbmZvIjoibmV0L2h0dHAgZm9yIGhpcHBpZXMuIOKYru+4jyAiLCJsaWNlbnNlcyI6WyJNSVQiXSwibWV0YWRhdGEiOnt9LCJ5YW5rZWQiOmZhbHNlLCJzaGEiOiJiNjg3ZmYxZGQyMGYxOGU1NDUyNzM4NjkzMzIzYzRhYTUyZDhlMmQ2YjEzNTViMDBkODMzM2QyNWUxMGExYWI3IiwicHJvamVjdF91cmkiOiJodHRwczovL3J1YnlnZW1zLm9yZy9nZW1zL25ldC1oaXBwaWUiLCJnZW1fdXJpIjoiaHR0cHM6Ly9ydWJ5Z2Vtcy5vcmcvZ2Vtcy9uZXQtaGlwcGllLTAuMi43LmdlbSIsImhvbWVwYWdlX3VyaSI6Imh0dHBzOi8vZ2l0aHViLmNvbS9tb2toYW4vbmV0LWhpcHBpZS8iLCJ3aWtpX3VyaSI6bnVsbCwiZG9jdW1lbnRhdGlvbl91cmkiOiJodHRwOi8vd3d3LnJ1Ynlkb2MuaW5mby9nZW1zL25ldC1oaXBwaWUvMC4yLjciLCJtYWlsaW5nX2xpc3RfdXJpIjpudWxsLCJzb3VyY2VfY29kZV91cmkiOm51bGwsImJ1Z190cmFja2VyX3VyaSI6bnVsbCwiY2hhbmdlbG9nX3VyaSI6bnVsbCwiZGVwZW5kZW5jaWVzIjp7ImRldmVsb3BtZW50IjpbeyJuYW1lIjoibWluaXRlc3QiLCJyZXF1aXJlbWVudHMiOiJ+XHUwMDNlIDUuMCJ9LHsibmFtZSI6InJha2UiLCJyZXF1aXJlbWVudHMiOiJ+XHUwMDNlIDEwLjAifSx7Im5hbWUiOiJydWJvY29wIiwicmVxdWlyZW1lbnRzIjoiflx1MDAzZSAwLjU1In0seyJuYW1lIjoidmNyIiwicmVxdWlyZW1lbnRzIjoiflx1MDAzZSA0LjAifSx7Im5hbWUiOiJ3ZWJtb2NrIiwicmVxdWlyZW1lbnRzIjoiflx1MDAzZSAzLjQifV0sInJ1bnRpbWUiOltdfSwiYnVpbHRfYXQiOiIyMDE5LTEwLTA1VDAwOjAwOjAwLjAwMFoiLCJjcmVhdGVkX2F0IjoiMjAxOS0xMC0wNVQwMzozNDoyMC4wMjZaIiwiZGVzY3JpcHRpb24iOiJuZXQvaHR0cCBmb3IgaGlwcGllcy4g4piu77iPICIsImRvd25sb2Fkc19jb3VudCI6MTE2MiwibnVtYmVyIjoiMC4yLjciLCJzdW1tYXJ5IjoibmV0L2h0dHAgZm9yIGhpcHBpZXMuIOKYru+4jyIsInJ1YnlnZW1zX3ZlcnNpb24iOiJcdTAwM2U9IDAiLCJydWJ5X3ZlcnNpb24iOiJ+XHUwMDNlIDIuNCIsInByZXJlbGVhc2UiOmZhbHNlLCJyZXF1aXJlbWVudHMiOltdfQ==
    http_version:
  recorded_at: Thu, 23 Jan 2020 20:42:11 GMT
recorded_with: VCR 5.0.0
